// !$*UTF8*$!
{
	archiveVersion = 1;
	classes = {
	};
	objectVersion = 55;
	objects = {

/* Begin PBXBuildFile section */
		200735CE2B90C04700C6FC71 /* AppDelegate.swift in Sources */ = {isa = PBXBuildFile; fileRef = 200735CD2B90C04700C6FC71 /* AppDelegate.swift */; };
		200735D02B90C04700C6FC71 /* SceneDelegate.swift in Sources */ = {isa = PBXBuildFile; fileRef = 200735CF2B90C04700C6FC71 /* SceneDelegate.swift */; };
		200735D22B90C04700C6FC71 /* ViewController.swift in Sources */ = {isa = PBXBuildFile; fileRef = 200735D12B90C04700C6FC71 /* ViewController.swift */; };
		200735D52B90C04700C6FC71 /* Main.storyboard in Resources */ = {isa = PBXBuildFile; fileRef = 200735D32B90C04700C6FC71 /* Main.storyboard */; };
		200735D72B90C04800C6FC71 /* Assets.xcassets in Resources */ = {isa = PBXBuildFile; fileRef = 200735D62B90C04800C6FC71 /* Assets.xcassets */; };
		200735DA2B90C04800C6FC71 /* LaunchScreen.storyboard in Resources */ = {isa = PBXBuildFile; fileRef = 200735D82B90C04800C6FC71 /* LaunchScreen.storyboard */; };
		200735E52B90C04800C6FC71 /* calculatorplusTests.swift in Sources */ = {isa = PBXBuildFile; fileRef = 200735E42B90C04800C6FC71 /* calculatorplusTests.swift */; };
		200735EF2B90C04800C6FC71 /* calculatorplusUITests.swift in Sources */ = {isa = PBXBuildFile; fileRef = 200735EE2B90C04800C6FC71 /* calculatorplusUITests.swift */; };
		200735F12B90C04800C6FC71 /* calculatorplusUITestsLaunchTests.swift in Sources */ = {isa = PBXBuildFile; fileRef = 200735F02B90C04800C6FC71 /* calculatorplusUITestsLaunchTests.swift */; };
		201D897C2B94B4AC009C9C16 /* CalculatorViewController.swift in Sources */ = {isa = PBXBuildFile; fileRef = 201D897B2B94B4AC009C9C16 /* CalculatorViewController.swift */; };
		201D897E2B94B4E1009C9C16 /* CalculatorView.storyboard in Resources */ = {isa = PBXBuildFile; fileRef = 201D897D2B94B4E1009C9C16 /* CalculatorView.storyboard */; };
		34C31C9DB939033A1680A33F /* Pods_calculatorplus_calculatorplusUITests.framework in Frameworks */ = {isa = PBXBuildFile; fileRef = DD303CE139CD4813F12BEE61 /* Pods_calculatorplus_calculatorplusUITests.framework */; };
		7F9F4E55262C7D8FB11CEDE0 /* Pods_calculatorplus.framework in Frameworks */ = {isa = PBXBuildFile; fileRef = C707A59CDC708DFE83CE7710 /* Pods_calculatorplus.framework */; };
		9A3CE7262B987282004CF55D /* RoundedCornerView.swift in Sources */ = {isa = PBXBuildFile; fileRef = 9A3CE7252B987282004CF55D /* RoundedCornerView.swift */; };
		9A3CE7282B999744004CF55D /* SideMenuViewController.swift in Sources */ = {isa = PBXBuildFile; fileRef = 9A3CE7272B999744004CF55D /* SideMenuViewController.swift */; };
		9A3CE72A2B999A31004CF55D /* SideMenuModel.swift in Sources */ = {isa = PBXBuildFile; fileRef = 9A3CE7292B999A31004CF55D /* SideMenuModel.swift */; };
		9A3CE72C2B999A53004CF55D /* SideMenuCell.swift in Sources */ = {isa = PBXBuildFile; fileRef = 9A3CE72B2B999A53004CF55D /* SideMenuCell.swift */; };
		9A3CE7302B99A48A004CF55D /* SideMenuCell.xib in Resources */ = {isa = PBXBuildFile; fileRef = 9A3CE72F2B99A48A004CF55D /* SideMenuCell.xib */; };
		9A3CE7322B99AE8C004CF55D /* MainViewController.swift in Sources */ = {isa = PBXBuildFile; fileRef = 9A3CE7312B99AE8C004CF55D /* MainViewController.swift */; };
		9A569E7A2BA2A7FB00353EA2 /* ConvertViewController.swift in Sources */ = {isa = PBXBuildFile; fileRef = 9A569E792BA2A7FB00353EA2 /* ConvertViewController.swift */; };
		9A569E7C2BA2A80B00353EA2 /* ConvertView.storyboard in Resources */ = {isa = PBXBuildFile; fileRef = 9A569E7B2BA2A80B00353EA2 /* ConvertView.storyboard */; };
		9A569E822BA2A98000353EA2 /* MoneyViewController.swift in Sources */ = {isa = PBXBuildFile; fileRef = 9A569E812BA2A98000353EA2 /* MoneyViewController.swift */; };
		9A569E842BA2A98E00353EA2 /* MoneyView.storyboard in Resources */ = {isa = PBXBuildFile; fileRef = 9A569E832BA2A98E00353EA2 /* MoneyView.storyboard */; };
		9A569E892BA2B5B400353EA2 /* GoogleService-Info.plist in Resources */ = {isa = PBXBuildFile; fileRef = 9A569E882BA2B5B400353EA2 /* GoogleService-Info.plist */; };
		9A569E8B2BA2E68500353EA2 /* GoogleService-Info .plist in Resources */ = {isa = PBXBuildFile; fileRef = 9A569E8A2BA2E68500353EA2 /* GoogleService-Info .plist */; };
		9A569E8E2BA2F30F00353EA2 /* FirebaseAnalytics in Frameworks */ = {isa = PBXBuildFile; productRef = 9A569E8D2BA2F30F00353EA2 /* FirebaseAnalytics */; };
		9A569E902BA2F30F00353EA2 /* FirebaseAppCheck in Frameworks */ = {isa = PBXBuildFile; productRef = 9A569E8F2BA2F30F00353EA2 /* FirebaseAppCheck */; };
		9A569E922BA2F30F00353EA2 /* FirebaseAuth in Frameworks */ = {isa = PBXBuildFile; productRef = 9A569E912BA2F30F00353EA2 /* FirebaseAuth */; };
		9A569E942BA2F30F00353EA2 /* FirebaseDatabase in Frameworks */ = {isa = PBXBuildFile; productRef = 9A569E932BA2F30F00353EA2 /* FirebaseDatabase */; };
		9A569E962BA2F30F00353EA2 /* FirebaseFirestore in Frameworks */ = {isa = PBXBuildFile; productRef = 9A569E952BA2F30F00353EA2 /* FirebaseFirestore */; };
		9A569E982BA2F30F00353EA2 /* FirebaseStorage in Frameworks */ = {isa = PBXBuildFile; productRef = 9A569E972BA2F30F00353EA2 /* FirebaseStorage */; };
		9A5F5F302B99CEB0004DD91A /* BaseViewController.swift in Sources */ = {isa = PBXBuildFile; fileRef = 9A5F5F2F2B99CEB0004DD91A /* BaseViewController.swift */; };
		F4FEACCCA51D1E1087ECBBE5 /* Pods_calculatorplusTests.framework in Frameworks */ = {isa = PBXBuildFile; fileRef = FD56F495097BDDC2AC2CCC3D /* Pods_calculatorplusTests.framework */; };
/* End PBXBuildFile section */

/* Begin PBXContainerItemProxy section */
		200735E12B90C04800C6FC71 /* PBXContainerItemProxy */ = {
			isa = PBXContainerItemProxy;
			containerPortal = 200735C22B90C04700C6FC71 /* Project object */;
			proxyType = 1;
			remoteGlobalIDString = 200735C92B90C04700C6FC71;
			remoteInfo = calculatorplus;
		};
		200735EB2B90C04800C6FC71 /* PBXContainerItemProxy */ = {
			isa = PBXContainerItemProxy;
			containerPortal = 200735C22B90C04700C6FC71 /* Project object */;
			proxyType = 1;
			remoteGlobalIDString = 200735C92B90C04700C6FC71;
			remoteInfo = calculatorplus;
		};
/* End PBXContainerItemProxy section */

/* Begin PBXFileReference section */
		200735CA2B90C04700C6FC71 /* calculatorplus.app */ = {isa = PBXFileReference; explicitFileType = wrapper.application; includeInIndex = 0; path = calculatorplus.app; sourceTree = BUILT_PRODUCTS_DIR; };
		200735CD2B90C04700C6FC71 /* AppDelegate.swift */ = {isa = PBXFileReference; lastKnownFileType = sourcecode.swift; path = AppDelegate.swift; sourceTree = "<group>"; };
		200735CF2B90C04700C6FC71 /* SceneDelegate.swift */ = {isa = PBXFileReference; lastKnownFileType = sourcecode.swift; path = SceneDelegate.swift; sourceTree = "<group>"; };
		200735D12B90C04700C6FC71 /* ViewController.swift */ = {isa = PBXFileReference; lastKnownFileType = sourcecode.swift; path = ViewController.swift; sourceTree = "<group>"; };
		200735D42B90C04700C6FC71 /* Base */ = {isa = PBXFileReference; lastKnownFileType = file.storyboard; name = Base; path = Base.lproj/Main.storyboard; sourceTree = "<group>"; };
		200735D62B90C04800C6FC71 /* Assets.xcassets */ = {isa = PBXFileReference; lastKnownFileType = folder.assetcatalog; path = Assets.xcassets; sourceTree = "<group>"; };
		200735D92B90C04800C6FC71 /* Base */ = {isa = PBXFileReference; lastKnownFileType = file.storyboard; name = Base; path = Base.lproj/LaunchScreen.storyboard; sourceTree = "<group>"; };
		200735DB2B90C04800C6FC71 /* Info.plist */ = {isa = PBXFileReference; lastKnownFileType = text.plist.xml; path = Info.plist; sourceTree = "<group>"; };
		200735E02B90C04800C6FC71 /* calculatorplusTests.xctest */ = {isa = PBXFileReference; explicitFileType = wrapper.cfbundle; includeInIndex = 0; path = calculatorplusTests.xctest; sourceTree = BUILT_PRODUCTS_DIR; };
		200735E42B90C04800C6FC71 /* calculatorplusTests.swift */ = {isa = PBXFileReference; lastKnownFileType = sourcecode.swift; path = calculatorplusTests.swift; sourceTree = "<group>"; };
		200735EA2B90C04800C6FC71 /* calculatorplusUITests.xctest */ = {isa = PBXFileReference; explicitFileType = wrapper.cfbundle; includeInIndex = 0; path = calculatorplusUITests.xctest; sourceTree = BUILT_PRODUCTS_DIR; };
		200735EE2B90C04800C6FC71 /* calculatorplusUITests.swift */ = {isa = PBXFileReference; lastKnownFileType = sourcecode.swift; path = calculatorplusUITests.swift; sourceTree = "<group>"; };
		200735F02B90C04800C6FC71 /* calculatorplusUITestsLaunchTests.swift */ = {isa = PBXFileReference; lastKnownFileType = sourcecode.swift; path = calculatorplusUITestsLaunchTests.swift; sourceTree = "<group>"; };
		201D897B2B94B4AC009C9C16 /* CalculatorViewController.swift */ = {isa = PBXFileReference; lastKnownFileType = sourcecode.swift; path = CalculatorViewController.swift; sourceTree = "<group>"; };
		201D897D2B94B4E1009C9C16 /* CalculatorView.storyboard */ = {isa = PBXFileReference; lastKnownFileType = file.storyboard; path = CalculatorView.storyboard; sourceTree = "<group>"; };
		4F58640A7E9844B82EB41401 /* Pods-calculatorplus.debug.xcconfig */ = {isa = PBXFileReference; includeInIndex = 1; lastKnownFileType = text.xcconfig; name = "Pods-calculatorplus.debug.xcconfig"; path = "Target Support Files/Pods-calculatorplus/Pods-calculatorplus.debug.xcconfig"; sourceTree = "<group>"; };
		52A7696C0F38B13F1983BFD7 /* Pods-calculatorplus-calculatorplusUITests.release.xcconfig */ = {isa = PBXFileReference; includeInIndex = 1; lastKnownFileType = text.xcconfig; name = "Pods-calculatorplus-calculatorplusUITests.release.xcconfig"; path = "Target Support Files/Pods-calculatorplus-calculatorplusUITests/Pods-calculatorplus-calculatorplusUITests.release.xcconfig"; sourceTree = "<group>"; };
		66DC927C1181176192538055 /* Pods-calculatorplusTests.debug.xcconfig */ = {isa = PBXFileReference; includeInIndex = 1; lastKnownFileType = text.xcconfig; name = "Pods-calculatorplusTests.debug.xcconfig"; path = "Target Support Files/Pods-calculatorplusTests/Pods-calculatorplusTests.debug.xcconfig"; sourceTree = "<group>"; };
		772E93F4F8A67C2F637970F5 /* Pods-calculatorplus.release.xcconfig */ = {isa = PBXFileReference; includeInIndex = 1; lastKnownFileType = text.xcconfig; name = "Pods-calculatorplus.release.xcconfig"; path = "Target Support Files/Pods-calculatorplus/Pods-calculatorplus.release.xcconfig"; sourceTree = "<group>"; };
		99AEB7B6119CECE216B49456 /* Pods-calculatorplus-calculatorplusUITests.debug.xcconfig */ = {isa = PBXFileReference; includeInIndex = 1; lastKnownFileType = text.xcconfig; name = "Pods-calculatorplus-calculatorplusUITests.debug.xcconfig"; path = "Target Support Files/Pods-calculatorplus-calculatorplusUITests/Pods-calculatorplus-calculatorplusUITests.debug.xcconfig"; sourceTree = "<group>"; };
		9A3CE7252B987282004CF55D /* RoundedCornerView.swift */ = {isa = PBXFileReference; lastKnownFileType = sourcecode.swift; path = RoundedCornerView.swift; sourceTree = "<group>"; };
		9A3CE7272B999744004CF55D /* SideMenuViewController.swift */ = {isa = PBXFileReference; lastKnownFileType = sourcecode.swift; path = SideMenuViewController.swift; sourceTree = "<group>"; };
		9A3CE7292B999A31004CF55D /* SideMenuModel.swift */ = {isa = PBXFileReference; lastKnownFileType = sourcecode.swift; path = SideMenuModel.swift; sourceTree = "<group>"; };
		9A3CE72B2B999A53004CF55D /* SideMenuCell.swift */ = {isa = PBXFileReference; lastKnownFileType = sourcecode.swift; path = SideMenuCell.swift; sourceTree = "<group>"; };
		9A3CE72F2B99A48A004CF55D /* SideMenuCell.xib */ = {isa = PBXFileReference; lastKnownFileType = file.xib; path = SideMenuCell.xib; sourceTree = "<group>"; };
		9A3CE7312B99AE8C004CF55D /* MainViewController.swift */ = {isa = PBXFileReference; lastKnownFileType = sourcecode.swift; path = MainViewController.swift; sourceTree = "<group>"; };
		9A569E792BA2A7FB00353EA2 /* ConvertViewController.swift */ = {isa = PBXFileReference; lastKnownFileType = sourcecode.swift; path = ConvertViewController.swift; sourceTree = "<group>"; };
		9A569E7B2BA2A80B00353EA2 /* ConvertView.storyboard */ = {isa = PBXFileReference; lastKnownFileType = file.storyboard; path = ConvertView.storyboard; sourceTree = "<group>"; };
		9A569E812BA2A98000353EA2 /* MoneyViewController.swift */ = {isa = PBXFileReference; lastKnownFileType = sourcecode.swift; path = MoneyViewController.swift; sourceTree = "<group>"; };
		9A569E832BA2A98E00353EA2 /* MoneyView.storyboard */ = {isa = PBXFileReference; lastKnownFileType = file.storyboard; path = MoneyView.storyboard; sourceTree = "<group>"; };
		9A569E882BA2B5B400353EA2 /* GoogleService-Info.plist */ = {isa = PBXFileReference; fileEncoding = 4; lastKnownFileType = text.plist.xml; path = "GoogleService-Info.plist"; sourceTree = "<group>"; };
		9A569E8A2BA2E68500353EA2 /* GoogleService-Info .plist */ = {isa = PBXFileReference; fileEncoding = 4; lastKnownFileType = text.plist.xml; path = "GoogleService-Info .plist"; sourceTree = "<group>"; };
		9A5F5F2F2B99CEB0004DD91A /* BaseViewController.swift */ = {isa = PBXFileReference; lastKnownFileType = sourcecode.swift; path = BaseViewController.swift; sourceTree = "<group>"; };
		C707A59CDC708DFE83CE7710 /* Pods_calculatorplus.framework */ = {isa = PBXFileReference; explicitFileType = wrapper.framework; includeInIndex = 0; path = Pods_calculatorplus.framework; sourceTree = BUILT_PRODUCTS_DIR; };
		DBEF2E14AB817B6A34681428 /* Pods-calculatorplusTests.release.xcconfig */ = {isa = PBXFileReference; includeInIndex = 1; lastKnownFileType = text.xcconfig; name = "Pods-calculatorplusTests.release.xcconfig"; path = "Target Support Files/Pods-calculatorplusTests/Pods-calculatorplusTests.release.xcconfig"; sourceTree = "<group>"; };
		DD303CE139CD4813F12BEE61 /* Pods_calculatorplus_calculatorplusUITests.framework */ = {isa = PBXFileReference; explicitFileType = wrapper.framework; includeInIndex = 0; path = Pods_calculatorplus_calculatorplusUITests.framework; sourceTree = BUILT_PRODUCTS_DIR; };
		FD56F495097BDDC2AC2CCC3D /* Pods_calculatorplusTests.framework */ = {isa = PBXFileReference; explicitFileType = wrapper.framework; includeInIndex = 0; path = Pods_calculatorplusTests.framework; sourceTree = BUILT_PRODUCTS_DIR; };
/* End PBXFileReference section */

/* Begin PBXFrameworksBuildPhase section */
		200735C72B90C04700C6FC71 /* Frameworks */ = {
			isa = PBXFrameworksBuildPhase;
			buildActionMask = 2147483647;
			files = (
				9A569E942BA2F30F00353EA2 /* FirebaseDatabase in Frameworks */,
				9A569E8E2BA2F30F00353EA2 /* FirebaseAnalytics in Frameworks */,
				9A569E902BA2F30F00353EA2 /* FirebaseAppCheck in Frameworks */,
				7F9F4E55262C7D8FB11CEDE0 /* Pods_calculatorplus.framework in Frameworks */,
				9A569E982BA2F30F00353EA2 /* FirebaseStorage in Frameworks */,
				9A569E922BA2F30F00353EA2 /* FirebaseAuth in Frameworks */,
				9A569E962BA2F30F00353EA2 /* FirebaseFirestore in Frameworks */,
			);
			runOnlyForDeploymentPostprocessing = 0;
		};
		200735DD2B90C04800C6FC71 /* Frameworks */ = {
			isa = PBXFrameworksBuildPhase;
			buildActionMask = 2147483647;
			files = (
				F4FEACCCA51D1E1087ECBBE5 /* Pods_calculatorplusTests.framework in Frameworks */,
			);
			runOnlyForDeploymentPostprocessing = 0;
		};
		200735E72B90C04800C6FC71 /* Frameworks */ = {
			isa = PBXFrameworksBuildPhase;
			buildActionMask = 2147483647;
			files = (
				34C31C9DB939033A1680A33F /* Pods_calculatorplus_calculatorplusUITests.framework in Frameworks */,
			);
			runOnlyForDeploymentPostprocessing = 0;
		};
/* End PBXFrameworksBuildPhase section */

/* Begin PBXGroup section */
		200735C12B90C04700C6FC71 = {
			isa = PBXGroup;
			children = (
				200735CC2B90C04700C6FC71 /* calculatorplus */,
				200735E32B90C04800C6FC71 /* calculatorplusTests */,
				200735ED2B90C04800C6FC71 /* calculatorplusUITests */,
				200735CB2B90C04700C6FC71 /* Products */,
				9300A7C6779D6224DAA0280B /* Pods */,
				62F776B8105E6D31690A4BE2 /* Frameworks */,
			);
			sourceTree = "<group>";
		};
		200735CB2B90C04700C6FC71 /* Products */ = {
			isa = PBXGroup;
			children = (
				200735CA2B90C04700C6FC71 /* calculatorplus.app */,
				200735E02B90C04800C6FC71 /* calculatorplusTests.xctest */,
				200735EA2B90C04800C6FC71 /* calculatorplusUITests.xctest */,
			);
			name = Products;
			sourceTree = "<group>";
		};
		200735CC2B90C04700C6FC71 /* calculatorplus */ = {
			isa = PBXGroup;
			children = (
				9A569E992BA4016700353EA2 /* network */,
				9A569E852BA2B53800353EA2 /* Firebase */,
				9A569E802BA2A96300353EA2 /* moneyscreen */,
				9A569E7F2BA2A85200353EA2 /* component */,
				9A569E7E2BA2A82F00353EA2 /* calculatorscreen */,
				9A569E7D2BA2A81A00353EA2 /* optionscreen */,
				9A569E782BA2A7C400353EA2 /* connvertscreen */,
				9A5F5F2E2B99CE82004DD91A /* base */,
				200735CD2B90C04700C6FC71 /* AppDelegate.swift */,
				200735CF2B90C04700C6FC71 /* SceneDelegate.swift */,
				200735D62B90C04800C6FC71 /* Assets.xcassets */,
				200735D82B90C04800C6FC71 /* LaunchScreen.storyboard */,
				200735DB2B90C04800C6FC71 /* Info.plist */,
			);
			path = calculatorplus;
			sourceTree = "<group>";
		};
		200735E32B90C04800C6FC71 /* calculatorplusTests */ = {
			isa = PBXGroup;
			children = (
				200735E42B90C04800C6FC71 /* calculatorplusTests.swift */,
			);
			path = calculatorplusTests;
			sourceTree = "<group>";
		};
		200735ED2B90C04800C6FC71 /* calculatorplusUITests */ = {
			isa = PBXGroup;
			children = (
				200735EE2B90C04800C6FC71 /* calculatorplusUITests.swift */,
				200735F02B90C04800C6FC71 /* calculatorplusUITestsLaunchTests.swift */,
			);
			path = calculatorplusUITests;
			sourceTree = "<group>";
		};
		62F776B8105E6D31690A4BE2 /* Frameworks */ = {
			isa = PBXGroup;
			children = (
				C707A59CDC708DFE83CE7710 /* Pods_calculatorplus.framework */,
				DD303CE139CD4813F12BEE61 /* Pods_calculatorplus_calculatorplusUITests.framework */,
				FD56F495097BDDC2AC2CCC3D /* Pods_calculatorplusTests.framework */,
			);
			name = Frameworks;
			sourceTree = "<group>";
		};
		9300A7C6779D6224DAA0280B /* Pods */ = {
			isa = PBXGroup;
			children = (
				4F58640A7E9844B82EB41401 /* Pods-calculatorplus.debug.xcconfig */,
				772E93F4F8A67C2F637970F5 /* Pods-calculatorplus.release.xcconfig */,
				99AEB7B6119CECE216B49456 /* Pods-calculatorplus-calculatorplusUITests.debug.xcconfig */,
				52A7696C0F38B13F1983BFD7 /* Pods-calculatorplus-calculatorplusUITests.release.xcconfig */,
				66DC927C1181176192538055 /* Pods-calculatorplusTests.debug.xcconfig */,
				DBEF2E14AB817B6A34681428 /* Pods-calculatorplusTests.release.xcconfig */,
			);
			path = Pods;
			sourceTree = "<group>";
		};
		9A569E782BA2A7C400353EA2 /* connvertscreen */ = {
			isa = PBXGroup;
			children = (
				9A569E792BA2A7FB00353EA2 /* ConvertViewController.swift */,
				9A569E7B2BA2A80B00353EA2 /* ConvertView.storyboard */,
			);
			path = connvertscreen;
			sourceTree = "<group>";
		};
		9A569E7D2BA2A81A00353EA2 /* optionscreen */ = {
			isa = PBXGroup;
			children = (
				9A3CE7292B999A31004CF55D /* SideMenuModel.swift */,
				9A3CE72B2B999A53004CF55D /* SideMenuCell.swift */,
				9A3CE7312B99AE8C004CF55D /* MainViewController.swift */,
				9A3CE72F2B99A48A004CF55D /* SideMenuCell.xib */,
				9A3CE7272B999744004CF55D /* SideMenuViewController.swift */,
				200735D12B90C04700C6FC71 /* ViewController.swift */,
				200735D32B90C04700C6FC71 /* Main.storyboard */,
			);
			path = optionscreen;
			sourceTree = "<group>";
		};
		9A569E7E2BA2A82F00353EA2 /* calculatorscreen */ = {
			isa = PBXGroup;
			children = (
				201D897B2B94B4AC009C9C16 /* CalculatorViewController.swift */,
				201D897D2B94B4E1009C9C16 /* CalculatorView.storyboard */,
			);
			path = calculatorscreen;
			sourceTree = "<group>";
		};
		9A569E7F2BA2A85200353EA2 /* component */ = {
			isa = PBXGroup;
			children = (
				9A3CE7252B987282004CF55D /* RoundedCornerView.swift */,
			);
			path = component;
			sourceTree = "<group>";
		};
		9A569E802BA2A96300353EA2 /* moneyscreen */ = {
			isa = PBXGroup;
			children = (
				9A569E812BA2A98000353EA2 /* MoneyViewController.swift */,
				9A569E832BA2A98E00353EA2 /* MoneyView.storyboard */,
			);
			path = moneyscreen;
			sourceTree = "<group>";
		};
		9A569E852BA2B53800353EA2 /* Firebase */ = {
			isa = PBXGroup;
			children = (
				9A569E872BA2B59A00353EA2 /* Release */,
				9A569E862BA2B54700353EA2 /* Development */,
			);
			path = Firebase;
			sourceTree = "<group>";
		};
		9A569E862BA2B54700353EA2 /* Development */ = {
			isa = PBXGroup;
			children = (
				9A569E882BA2B5B400353EA2 /* GoogleService-Info.plist */,
			);
			path = Development;
			sourceTree = "<group>";
		};
		9A569E872BA2B59A00353EA2 /* Release */ = {
			isa = PBXGroup;
			children = (
				9A569E8A2BA2E68500353EA2 /* GoogleService-Info .plist */,
			);
			path = Release;
			sourceTree = "<group>";
		};
		9A569E992BA4016700353EA2 /* network */ = {
			isa = PBXGroup;
			children = (
			);
			path = network;
			sourceTree = "<group>";
		};
		9A5F5F2E2B99CE82004DD91A /* base */ = {
			isa = PBXGroup;
			children = (
				9A5F5F2F2B99CEB0004DD91A /* BaseViewController.swift */,
			);
			path = base;
			sourceTree = "<group>";
		};
/* End PBXGroup section */

/* Begin PBXNativeTarget section */
		200735C92B90C04700C6FC71 /* calculatorplus */ = {
			isa = PBXNativeTarget;
			buildConfigurationList = 200735F42B90C04800C6FC71 /* Build configuration list for PBXNativeTarget "calculatorplus" */;
			buildPhases = (
				8B477B34E8A84D03D3BAFAA8 /* [CP] Check Pods Manifest.lock */,
				200735C62B90C04700C6FC71 /* Sources */,
				200735C72B90C04700C6FC71 /* Frameworks */,
				200735C82B90C04700C6FC71 /* Resources */,
			);
			buildRules = (
			);
			dependencies = (
			);
			name = calculatorplus;
			packageProductDependencies = (
				9A569E8D2BA2F30F00353EA2 /* FirebaseAnalytics */,
				9A569E8F2BA2F30F00353EA2 /* FirebaseAppCheck */,
				9A569E912BA2F30F00353EA2 /* FirebaseAuth */,
				9A569E932BA2F30F00353EA2 /* FirebaseDatabase */,
				9A569E952BA2F30F00353EA2 /* FirebaseFirestore */,
				9A569E972BA2F30F00353EA2 /* FirebaseStorage */,
			);
			productName = calculatorplus;
			productReference = 200735CA2B90C04700C6FC71 /* calculatorplus.app */;
			productType = "com.apple.product-type.application";
		};
		200735DF2B90C04800C6FC71 /* calculatorplusTests */ = {
			isa = PBXNativeTarget;
			buildConfigurationList = 200735F72B90C04800C6FC71 /* Build configuration list for PBXNativeTarget "calculatorplusTests" */;
			buildPhases = (
				1B15D76B29963E6CF677AC36 /* [CP] Check Pods Manifest.lock */,
				200735DC2B90C04800C6FC71 /* Sources */,
				200735DD2B90C04800C6FC71 /* Frameworks */,
				200735DE2B90C04800C6FC71 /* Resources */,
			);
			buildRules = (
			);
			dependencies = (
				200735E22B90C04800C6FC71 /* PBXTargetDependency */,
			);
			name = calculatorplusTests;
			productName = calculatorplusTests;
			productReference = 200735E02B90C04800C6FC71 /* calculatorplusTests.xctest */;
			productType = "com.apple.product-type.bundle.unit-test";
		};
		200735E92B90C04800C6FC71 /* calculatorplusUITests */ = {
			isa = PBXNativeTarget;
			buildConfigurationList = 200735FA2B90C04800C6FC71 /* Build configuration list for PBXNativeTarget "calculatorplusUITests" */;
			buildPhases = (
				FAF9E45E4A2D5317DA11C22C /* [CP] Check Pods Manifest.lock */,
				200735E62B90C04800C6FC71 /* Sources */,
				200735E72B90C04800C6FC71 /* Frameworks */,
				200735E82B90C04800C6FC71 /* Resources */,
			);
			buildRules = (
			);
			dependencies = (
				200735EC2B90C04800C6FC71 /* PBXTargetDependency */,
			);
			name = calculatorplusUITests;
			productName = calculatorplusUITests;
			productReference = 200735EA2B90C04800C6FC71 /* calculatorplusUITests.xctest */;
			productType = "com.apple.product-type.bundle.ui-testing";
		};
/* End PBXNativeTarget section */

/* Begin PBXProject section */
		200735C22B90C04700C6FC71 /* Project object */ = {
			isa = PBXProject;
			attributes = {
				BuildIndependentTargetsInParallel = 1;
				LastSwiftUpdateCheck = 1340;
				LastUpgradeCheck = 1340;
				TargetAttributes = {
					200735C92B90C04700C6FC71 = {
						CreatedOnToolsVersion = 13.4.1;
					};
					200735DF2B90C04800C6FC71 = {
						CreatedOnToolsVersion = 13.4.1;
						TestTargetID = 200735C92B90C04700C6FC71;
					};
					200735E92B90C04800C6FC71 = {
						CreatedOnToolsVersion = 13.4.1;
						TestTargetID = 200735C92B90C04700C6FC71;
					};
				};
			};
			buildConfigurationList = 200735C52B90C04700C6FC71 /* Build configuration list for PBXProject "calculatorplus" */;
			compatibilityVersion = "Xcode 13.0";
			developmentRegion = en;
			hasScannedForEncodings = 0;
			knownRegions = (
				en,
				Base,
			);
			mainGroup = 200735C12B90C04700C6FC71;
			packageReferences = (
				9A569E8C2BA2F30F00353EA2 /* XCRemoteSwiftPackageReference "firebase-ios-sdk" */,
			);
			productRefGroup = 200735CB2B90C04700C6FC71 /* Products */;
			projectDirPath = "";
			projectRoot = "";
			targets = (
				200735C92B90C04700C6FC71 /* calculatorplus */,
				200735DF2B90C04800C6FC71 /* calculatorplusTests */,
				200735E92B90C04800C6FC71 /* calculatorplusUITests */,
			);
		};
/* End PBXProject section */

/* Begin PBXResourcesBuildPhase section */
		200735C82B90C04700C6FC71 /* Resources */ = {
			isa = PBXResourcesBuildPhase;
			buildActionMask = 2147483647;
			files = (
				200735DA2B90C04800C6FC71 /* LaunchScreen.storyboard in Resources */,
				9A569E8B2BA2E68500353EA2 /* GoogleService-Info .plist in Resources */,
				9A569E892BA2B5B400353EA2 /* GoogleService-Info.plist in Resources */,
				9A569E7C2BA2A80B00353EA2 /* ConvertView.storyboard in Resources */,
				9A569E842BA2A98E00353EA2 /* MoneyView.storyboard in Resources */,
				201D897E2B94B4E1009C9C16 /* CalculatorView.storyboard in Resources */,
				200735D72B90C04800C6FC71 /* Assets.xcassets in Resources */,
				9A3CE7302B99A48A004CF55D /* SideMenuCell.xib in Resources */,
				200735D52B90C04700C6FC71 /* Main.storyboard in Resources */,
			);
			runOnlyForDeploymentPostprocessing = 0;
		};
		200735DE2B90C04800C6FC71 /* Resources */ = {
			isa = PBXResourcesBuildPhase;
			buildActionMask = 2147483647;
			files = (
			);
			runOnlyForDeploymentPostprocessing = 0;
		};
		200735E82B90C04800C6FC71 /* Resources */ = {
			isa = PBXResourcesBuildPhase;
			buildActionMask = 2147483647;
			files = (
			);
			runOnlyForDeploymentPostprocessing = 0;
		};
/* End PBXResourcesBuildPhase section */

/* Begin PBXShellScriptBuildPhase section */
		1B15D76B29963E6CF677AC36 /* [CP] Check Pods Manifest.lock */ = {
			isa = PBXShellScriptBuildPhase;
			buildActionMask = 2147483647;
			files = (
			);
			inputFileListPaths = (
			);
			inputPaths = (
				"${PODS_PODFILE_DIR_PATH}/Podfile.lock",
				"${PODS_ROOT}/Manifest.lock",
			);
			name = "[CP] Check Pods Manifest.lock";
			outputFileListPaths = (
			);
			outputPaths = (
				"$(DERIVED_FILE_DIR)/Pods-calculatorplusTests-checkManifestLockResult.txt",
			);
			runOnlyForDeploymentPostprocessing = 0;
			shellPath = /bin/sh;
			shellScript = "diff \"${PODS_PODFILE_DIR_PATH}/Podfile.lock\" \"${PODS_ROOT}/Manifest.lock\" > /dev/null\nif [ $? != 0 ] ; then\n    # print error to STDERR\n    echo \"error: The sandbox is not in sync with the Podfile.lock. Run 'pod install' or update your CocoaPods installation.\" >&2\n    exit 1\nfi\n# This output is used by Xcode 'outputs' to avoid re-running this script phase.\necho \"SUCCESS\" > \"${SCRIPT_OUTPUT_FILE_0}\"\n";
			showEnvVarsInLog = 0;
		};
		8B477B34E8A84D03D3BAFAA8 /* [CP] Check Pods Manifest.lock */ = {
			isa = PBXShellScriptBuildPhase;
			buildActionMask = 2147483647;
			files = (
			);
			inputFileListPaths = (
			);
			inputPaths = (
				"${PODS_PODFILE_DIR_PATH}/Podfile.lock",
				"${PODS_ROOT}/Manifest.lock",
			);
			name = "[CP] Check Pods Manifest.lock";
			outputFileListPaths = (
			);
			outputPaths = (
				"$(DERIVED_FILE_DIR)/Pods-calculatorplus-checkManifestLockResult.txt",
			);
			runOnlyForDeploymentPostprocessing = 0;
			shellPath = /bin/sh;
			shellScript = "diff \"${PODS_PODFILE_DIR_PATH}/Podfile.lock\" \"${PODS_ROOT}/Manifest.lock\" > /dev/null\nif [ $? != 0 ] ; then\n    # print error to STDERR\n    echo \"error: The sandbox is not in sync with the Podfile.lock. Run 'pod install' or update your CocoaPods installation.\" >&2\n    exit 1\nfi\n# This output is used by Xcode 'outputs' to avoid re-running this script phase.\necho \"SUCCESS\" > \"${SCRIPT_OUTPUT_FILE_0}\"\n";
			showEnvVarsInLog = 0;
		};
		FAF9E45E4A2D5317DA11C22C /* [CP] Check Pods Manifest.lock */ = {
			isa = PBXShellScriptBuildPhase;
			buildActionMask = 2147483647;
			files = (
			);
			inputFileListPaths = (
			);
			inputPaths = (
				"${PODS_PODFILE_DIR_PATH}/Podfile.lock",
				"${PODS_ROOT}/Manifest.lock",
			);
			name = "[CP] Check Pods Manifest.lock";
			outputFileListPaths = (
			);
			outputPaths = (
				"$(DERIVED_FILE_DIR)/Pods-calculatorplus-calculatorplusUITests-checkManifestLockResult.txt",
			);
			runOnlyForDeploymentPostprocessing = 0;
			shellPath = /bin/sh;
			shellScript = "diff \"${PODS_PODFILE_DIR_PATH}/Podfile.lock\" \"${PODS_ROOT}/Manifest.lock\" > /dev/null\nif [ $? != 0 ] ; then\n    # print error to STDERR\n    echo \"error: The sandbox is not in sync with the Podfile.lock. Run 'pod install' or update your CocoaPods installation.\" >&2\n    exit 1\nfi\n# This output is used by Xcode 'outputs' to avoid re-running this script phase.\necho \"SUCCESS\" > \"${SCRIPT_OUTPUT_FILE_0}\"\n";
			showEnvVarsInLog = 0;
		};
/* End PBXShellScriptBuildPhase section */

/* Begin PBXSourcesBuildPhase section */
		200735C62B90C04700C6FC71 /* Sources */ = {
			isa = PBXSourcesBuildPhase;
			buildActionMask = 2147483647;
			files = (
				9A3CE72A2B999A31004CF55D /* SideMenuModel.swift in Sources */,
				9A3CE7262B987282004CF55D /* RoundedCornerView.swift in Sources */,
				200735D22B90C04700C6FC71 /* ViewController.swift in Sources */,
				9A569E822BA2A98000353EA2 /* MoneyViewController.swift in Sources */,
				200735CE2B90C04700C6FC71 /* AppDelegate.swift in Sources */,
				201D897C2B94B4AC009C9C16 /* CalculatorViewController.swift in Sources */,
				9A569E7A2BA2A7FB00353EA2 /* ConvertViewController.swift in Sources */,
				9A5F5F302B99CEB0004DD91A /* BaseViewController.swift in Sources */,
				9A3CE7282B999744004CF55D /* SideMenuViewController.swift in Sources */,
				9A3CE7322B99AE8C004CF55D /* MainViewController.swift in Sources */,
				200735D02B90C04700C6FC71 /* SceneDelegate.swift in Sources */,
				9A3CE72C2B999A53004CF55D /* SideMenuCell.swift in Sources */,
			);
			runOnlyForDeploymentPostprocessing = 0;
		};
		200735DC2B90C04800C6FC71 /* Sources */ = {
			isa = PBXSourcesBuildPhase;
			buildActionMask = 2147483647;
			files = (
				200735E52B90C04800C6FC71 /* calculatorplusTests.swift in Sources */,
			);
			runOnlyForDeploymentPostprocessing = 0;
		};
		200735E62B90C04800C6FC71 /* Sources */ = {
			isa = PBXSourcesBuildPhase;
			buildActionMask = 2147483647;
			files = (
				200735F12B90C04800C6FC71 /* calculatorplusUITestsLaunchTests.swift in Sources */,
				200735EF2B90C04800C6FC71 /* calculatorplusUITests.swift in Sources */,
			);
			runOnlyForDeploymentPostprocessing = 0;
		};
/* End PBXSourcesBuildPhase section */

/* Begin PBXTargetDependency section */
		200735E22B90C04800C6FC71 /* PBXTargetDependency */ = {
			isa = PBXTargetDependency;
			target = 200735C92B90C04700C6FC71 /* calculatorplus */;
			targetProxy = 200735E12B90C04800C6FC71 /* PBXContainerItemProxy */;
		};
		200735EC2B90C04800C6FC71 /* PBXTargetDependency */ = {
			isa = PBXTargetDependency;
			target = 200735C92B90C04700C6FC71 /* calculatorplus */;
			targetProxy = 200735EB2B90C04800C6FC71 /* PBXContainerItemProxy */;
		};
/* End PBXTargetDependency section */

/* Begin PBXVariantGroup section */
		200735D32B90C04700C6FC71 /* Main.storyboard */ = {
			isa = PBXVariantGroup;
			children = (
				200735D42B90C04700C6FC71 /* Base */,
			);
			name = Main.storyboard;
			sourceTree = "<group>";
		};
		200735D82B90C04800C6FC71 /* LaunchScreen.storyboard */ = {
			isa = PBXVariantGroup;
			children = (
				200735D92B90C04800C6FC71 /* Base */,
			);
			name = LaunchScreen.storyboard;
			sourceTree = "<group>";
		};
/* End PBXVariantGroup section */

/* Begin XCBuildConfiguration section */
		200735F22B90C04800C6FC71 /* Debug */ = {
			isa = XCBuildConfiguration;
			buildSettings = {
				ALWAYS_SEARCH_USER_PATHS = NO;
				CLANG_ANALYZER_NONNULL = YES;
				CLANG_ANALYZER_NUMBER_OBJECT_CONVERSION = YES_AGGRESSIVE;
				CLANG_CXX_LANGUAGE_STANDARD = "gnu++17";
				CLANG_ENABLE_MODULES = YES;
				CLANG_ENABLE_OBJC_ARC = YES;
				CLANG_ENABLE_OBJC_WEAK = YES;
				CLANG_WARN_BLOCK_CAPTURE_AUTORELEASING = YES;
				CLANG_WARN_BOOL_CONVERSION = YES;
				CLANG_WARN_COMMA = YES;
				CLANG_WARN_CONSTANT_CONVERSION = YES;
				CLANG_WARN_DEPRECATED_OBJC_IMPLEMENTATIONS = YES;
				CLANG_WARN_DIRECT_OBJC_ISA_USAGE = YES_ERROR;
				CLANG_WARN_DOCUMENTATION_COMMENTS = YES;
				CLANG_WARN_EMPTY_BODY = YES;
				CLANG_WARN_ENUM_CONVERSION = YES;
				CLANG_WARN_INFINITE_RECURSION = YES;
				CLANG_WARN_INT_CONVERSION = YES;
				CLANG_WARN_NON_LITERAL_NULL_CONVERSION = YES;
				CLANG_WARN_OBJC_IMPLICIT_RETAIN_SELF = YES;
				CLANG_WARN_OBJC_LITERAL_CONVERSION = YES;
				CLANG_WARN_OBJC_ROOT_CLASS = YES_ERROR;
				CLANG_WARN_QUOTED_INCLUDE_IN_FRAMEWORK_HEADER = YES;
				CLANG_WARN_RANGE_LOOP_ANALYSIS = YES;
				CLANG_WARN_STRICT_PROTOTYPES = YES;
				CLANG_WARN_SUSPICIOUS_MOVE = YES;
				CLANG_WARN_UNGUARDED_AVAILABILITY = YES_AGGRESSIVE;
				CLANG_WARN_UNREACHABLE_CODE = YES;
				CLANG_WARN__DUPLICATE_METHOD_MATCH = YES;
				COPY_PHASE_STRIP = NO;
				DEBUG_INFORMATION_FORMAT = dwarf;
				ENABLE_STRICT_OBJC_MSGSEND = YES;
				ENABLE_TESTABILITY = YES;
				GCC_C_LANGUAGE_STANDARD = gnu11;
				GCC_DYNAMIC_NO_PIC = NO;
				GCC_NO_COMMON_BLOCKS = YES;
				GCC_OPTIMIZATION_LEVEL = 0;
				GCC_PREPROCESSOR_DEFINITIONS = (
					"DEBUG=1",
					"$(inherited)",
				);
				GCC_WARN_64_TO_32_BIT_CONVERSION = YES;
				GCC_WARN_ABOUT_RETURN_TYPE = YES_ERROR;
				GCC_WARN_UNDECLARED_SELECTOR = YES;
				GCC_WARN_UNINITIALIZED_AUTOS = YES_AGGRESSIVE;
				GCC_WARN_UNUSED_FUNCTION = YES;
				GCC_WARN_UNUSED_VARIABLE = YES;
				IPHONEOS_DEPLOYMENT_TARGET = 15.5;
				MTL_ENABLE_DEBUG_INFO = INCLUDE_SOURCE;
				MTL_FAST_MATH = YES;
				ONLY_ACTIVE_ARCH = YES;
				SDKROOT = iphoneos;
				SWIFT_ACTIVE_COMPILATION_CONDITIONS = DEBUG;
				SWIFT_OPTIMIZATION_LEVEL = "-Onone";
			};
			name = Debug;
		};
		200735F32B90C04800C6FC71 /* Release */ = {
			isa = XCBuildConfiguration;
			buildSettings = {
				ALWAYS_SEARCH_USER_PATHS = NO;
				CLANG_ANALYZER_NONNULL = YES;
				CLANG_ANALYZER_NUMBER_OBJECT_CONVERSION = YES_AGGRESSIVE;
				CLANG_CXX_LANGUAGE_STANDARD = "gnu++17";
				CLANG_ENABLE_MODULES = YES;
				CLANG_ENABLE_OBJC_ARC = YES;
				CLANG_ENABLE_OBJC_WEAK = YES;
				CLANG_WARN_BLOCK_CAPTURE_AUTORELEASING = YES;
				CLANG_WARN_BOOL_CONVERSION = YES;
				CLANG_WARN_COMMA = YES;
				CLANG_WARN_CONSTANT_CONVERSION = YES;
				CLANG_WARN_DEPRECATED_OBJC_IMPLEMENTATIONS = YES;
				CLANG_WARN_DIRECT_OBJC_ISA_USAGE = YES_ERROR;
				CLANG_WARN_DOCUMENTATION_COMMENTS = YES;
				CLANG_WARN_EMPTY_BODY = YES;
				CLANG_WARN_ENUM_CONVERSION = YES;
				CLANG_WARN_INFINITE_RECURSION = YES;
				CLANG_WARN_INT_CONVERSION = YES;
				CLANG_WARN_NON_LITERAL_NULL_CONVERSION = YES;
				CLANG_WARN_OBJC_IMPLICIT_RETAIN_SELF = YES;
				CLANG_WARN_OBJC_LITERAL_CONVERSION = YES;
				CLANG_WARN_OBJC_ROOT_CLASS = YES_ERROR;
				CLANG_WARN_QUOTED_INCLUDE_IN_FRAMEWORK_HEADER = YES;
				CLANG_WARN_RANGE_LOOP_ANALYSIS = YES;
				CLANG_WARN_STRICT_PROTOTYPES = YES;
				CLANG_WARN_SUSPICIOUS_MOVE = YES;
				CLANG_WARN_UNGUARDED_AVAILABILITY = YES_AGGRESSIVE;
				CLANG_WARN_UNREACHABLE_CODE = YES;
				CLANG_WARN__DUPLICATE_METHOD_MATCH = YES;
				COPY_PHASE_STRIP = NO;
				DEBUG_INFORMATION_FORMAT = "dwarf-with-dsym";
				ENABLE_NS_ASSERTIONS = NO;
				ENABLE_STRICT_OBJC_MSGSEND = YES;
				GCC_C_LANGUAGE_STANDARD = gnu11;
				GCC_NO_COMMON_BLOCKS = YES;
				GCC_WARN_64_TO_32_BIT_CONVERSION = YES;
				GCC_WARN_ABOUT_RETURN_TYPE = YES_ERROR;
				GCC_WARN_UNDECLARED_SELECTOR = YES;
				GCC_WARN_UNINITIALIZED_AUTOS = YES_AGGRESSIVE;
				GCC_WARN_UNUSED_FUNCTION = YES;
				GCC_WARN_UNUSED_VARIABLE = YES;
				IPHONEOS_DEPLOYMENT_TARGET = 15.5;
				MTL_ENABLE_DEBUG_INFO = NO;
				MTL_FAST_MATH = YES;
				SDKROOT = iphoneos;
				SWIFT_COMPILATION_MODE = wholemodule;
				SWIFT_OPTIMIZATION_LEVEL = "-O";
				VALIDATE_PRODUCT = YES;
			};
			name = Release;
		};
		200735F52B90C04800C6FC71 /* Debug */ = {
			isa = XCBuildConfiguration;
			baseConfigurationReference = 4F58640A7E9844B82EB41401 /* Pods-calculatorplus.debug.xcconfig */;
			buildSettings = {
				ASSETCATALOG_COMPILER_APPICON_NAME = AppIcon;
				ASSETCATALOG_COMPILER_GLOBAL_ACCENT_COLOR_NAME = AccentColor;
				CODE_SIGN_STYLE = Automatic;
				CURRENT_PROJECT_VERSION = 1;
				DEVELOPMENT_TEAM = WQQ5F6Y2M2;
				GENERATE_INFOPLIST_FILE = YES;
				INFOPLIST_FILE = calculatorplus/Info.plist;
				INFOPLIST_KEY_CFBundleDisplayName = "Calculator Plus";
				INFOPLIST_KEY_UIApplicationSupportsIndirectInputEvents = YES;
				INFOPLIST_KEY_UILaunchStoryboardName = LaunchScreen;
				INFOPLIST_KEY_UIMainStoryboardFile = Main;
				INFOPLIST_KEY_UISupportedInterfaceOrientations_iPad = "UIInterfaceOrientationPortrait UIInterfaceOrientationPortraitUpsideDown UIInterfaceOrientationLandscapeLeft UIInterfaceOrientationLandscapeRight";
				INFOPLIST_KEY_UISupportedInterfaceOrientations_iPhone = "UIInterfaceOrientationPortrait UIInterfaceOrientationLandscapeLeft UIInterfaceOrientationLandscapeRight";
				IPHONEOS_DEPLOYMENT_TARGET = 13.4;
				LD_RUNPATH_SEARCH_PATHS = (
					"$(inherited)",
					"@executable_path/Frameworks",
				);
				MARKETING_VERSION = 1.0.0;
				PRODUCT_BUNDLE_IDENTIFIER = com.htnguyen.calculatorplus;
				PRODUCT_NAME = "$(TARGET_NAME)";
				SWIFT_EMIT_LOC_STRINGS = YES;
				SWIFT_VERSION = 5.0;
				TARGETED_DEVICE_FAMILY = "1,2";
			};
			name = Debug;
		};
		200735F62B90C04800C6FC71 /* Release */ = {
			isa = XCBuildConfiguration;
			baseConfigurationReference = 772E93F4F8A67C2F637970F5 /* Pods-calculatorplus.release.xcconfig */;
			buildSettings = {
				ASSETCATALOG_COMPILER_APPICON_NAME = AppIcon;
				ASSETCATALOG_COMPILER_GLOBAL_ACCENT_COLOR_NAME = AccentColor;
				CODE_SIGN_STYLE = Automatic;
				CURRENT_PROJECT_VERSION = 1;
				DEVELOPMENT_TEAM = WQQ5F6Y2M2;
				GENERATE_INFOPLIST_FILE = YES;
				INFOPLIST_FILE = calculatorplus/Info.plist;
				INFOPLIST_KEY_CFBundleDisplayName = "Calculator Plus";
				INFOPLIST_KEY_UIApplicationSupportsIndirectInputEvents = YES;
				INFOPLIST_KEY_UILaunchStoryboardName = LaunchScreen;
				INFOPLIST_KEY_UIMainStoryboardFile = Main;
				INFOPLIST_KEY_UISupportedInterfaceOrientations_iPad = "UIInterfaceOrientationPortrait UIInterfaceOrientationPortraitUpsideDown UIInterfaceOrientationLandscapeLeft UIInterfaceOrientationLandscapeRight";
				INFOPLIST_KEY_UISupportedInterfaceOrientations_iPhone = "UIInterfaceOrientationPortrait UIInterfaceOrientationLandscapeLeft UIInterfaceOrientationLandscapeRight";
				IPHONEOS_DEPLOYMENT_TARGET = 13.4;
				LD_RUNPATH_SEARCH_PATHS = (
					"$(inherited)",
					"@executable_path/Frameworks",
				);
				MARKETING_VERSION = 1.0.0;
				PRODUCT_BUNDLE_IDENTIFIER = com.htnguyen.calculatorplus;
				PRODUCT_NAME = "$(TARGET_NAME)";
				SWIFT_EMIT_LOC_STRINGS = YES;
				SWIFT_VERSION = 5.0;
				TARGETED_DEVICE_FAMILY = "1,2";
			};
			name = Release;
		};
		200735F82B90C04800C6FC71 /* Debug */ = {
			isa = XCBuildConfiguration;
			baseConfigurationReference = 66DC927C1181176192538055 /* Pods-calculatorplusTests.debug.xcconfig */;
			buildSettings = {
				ALWAYS_EMBED_SWIFT_STANDARD_LIBRARIES = YES;
				BUNDLE_LOADER = "$(TEST_HOST)";
				CODE_SIGN_STYLE = Automatic;
				CURRENT_PROJECT_VERSION = 1;
				DEVELOPMENT_TEAM = WQQ5F6Y2M2;
				GENERATE_INFOPLIST_FILE = YES;
				IPHONEOS_DEPLOYMENT_TARGET = 15.5;
				MARKETING_VERSION = 1.0;
				PRODUCT_BUNDLE_IDENTIFIER = com.htnguyen.calculatorplusTests;
				PRODUCT_NAME = "$(TARGET_NAME)";
				SWIFT_EMIT_LOC_STRINGS = NO;
				SWIFT_VERSION = 5.0;
				TARGETED_DEVICE_FAMILY = "1,2";
				TEST_HOST = "$(BUILT_PRODUCTS_DIR)/calculatorplus.app/calculatorplus";
			};
			name = Debug;
		};
		200735F92B90C04800C6FC71 /* Release */ = {
			isa = XCBuildConfiguration;
			baseConfigurationReference = DBEF2E14AB817B6A34681428 /* Pods-calculatorplusTests.release.xcconfig */;
			buildSettings = {
				ALWAYS_EMBED_SWIFT_STANDARD_LIBRARIES = YES;
				BUNDLE_LOADER = "$(TEST_HOST)";
				CODE_SIGN_STYLE = Automatic;
				CURRENT_PROJECT_VERSION = 1;
				DEVELOPMENT_TEAM = WQQ5F6Y2M2;
				GENERATE_INFOPLIST_FILE = YES;
				IPHONEOS_DEPLOYMENT_TARGET = 15.5;
				MARKETING_VERSION = 1.0;
				PRODUCT_BUNDLE_IDENTIFIER = com.htnguyen.calculatorplusTests;
				PRODUCT_NAME = "$(TARGET_NAME)";
				SWIFT_EMIT_LOC_STRINGS = NO;
				SWIFT_VERSION = 5.0;
				TARGETED_DEVICE_FAMILY = "1,2";
				TEST_HOST = "$(BUILT_PRODUCTS_DIR)/calculatorplus.app/calculatorplus";
			};
			name = Release;
		};
		200735FB2B90C04800C6FC71 /* Debug */ = {
			isa = XCBuildConfiguration;
			baseConfigurationReference = 99AEB7B6119CECE216B49456 /* Pods-calculatorplus-calculatorplusUITests.debug.xcconfig */;
			buildSettings = {
				ALWAYS_EMBED_SWIFT_STANDARD_LIBRARIES = YES;
				CODE_SIGN_STYLE = Automatic;
				CURRENT_PROJECT_VERSION = 1;
				DEVELOPMENT_TEAM = WQQ5F6Y2M2;
				GENERATE_INFOPLIST_FILE = YES;
				MARKETING_VERSION = 1.0;
				PRODUCT_BUNDLE_IDENTIFIER = com.htnguyen.calculatorplusUITests;
				PRODUCT_NAME = "$(TARGET_NAME)";
				SWIFT_EMIT_LOC_STRINGS = NO;
				SWIFT_VERSION = 5.0;
				TARGETED_DEVICE_FAMILY = "1,2";
				TEST_TARGET_NAME = calculatorplus;
			};
			name = Debug;
		};
		200735FC2B90C04800C6FC71 /* Release */ = {
			isa = XCBuildConfiguration;
			baseConfigurationReference = 52A7696C0F38B13F1983BFD7 /* Pods-calculatorplus-calculatorplusUITests.release.xcconfig */;
			buildSettings = {
				ALWAYS_EMBED_SWIFT_STANDARD_LIBRARIES = YES;
				CODE_SIGN_STYLE = Automatic;
				CURRENT_PROJECT_VERSION = 1;
				DEVELOPMENT_TEAM = WQQ5F6Y2M2;
				GENERATE_INFOPLIST_FILE = YES;
				MARKETING_VERSION = 1.0;
				PRODUCT_BUNDLE_IDENTIFIER = com.htnguyen.calculatorplusUITests;
				PRODUCT_NAME = "$(TARGET_NAME)";
				SWIFT_EMIT_LOC_STRINGS = NO;
				SWIFT_VERSION = 5.0;
				TARGETED_DEVICE_FAMILY = "1,2";
				TEST_TARGET_NAME = calculatorplus;
			};
			name = Release;
		};
/* End XCBuildConfiguration section */

/* Begin XCConfigurationList section */
		200735C52B90C04700C6FC71 /* Build configuration list for PBXProject "calculatorplus" */ = {
			isa = XCConfigurationList;
			buildConfigurations = (
				200735F22B90C04800C6FC71 /* Debug */,
				200735F32B90C04800C6FC71 /* Release */,
			);
			defaultConfigurationIsVisible = 0;
			defaultConfigurationName = Release;
		};
		200735F42B90C04800C6FC71 /* Build configuration list for PBXNativeTarget "calculatorplus" */ = {
			isa = XCConfigurationList;
			buildConfigurations = (
				200735F52B90C04800C6FC71 /* Debug */,
				200735F62B90C04800C6FC71 /* Release */,
			);
			defaultConfigurationIsVisible = 0;
			defaultConfigurationName = Release;
		};
		200735F72B90C04800C6FC71 /* Build configuration list for PBXNativeTarget "calculatorplusTests" */ = {
			isa = XCConfigurationList;
			buildConfigurations = (
				200735F82B90C04800C6FC71 /* Debug */,
				200735F92B90C04800C6FC71 /* Release */,
			);
			defaultConfigurationIsVisible = 0;
			defaultConfigurationName = Release;
		};
		200735FA2B90C04800C6FC71 /* Build configuration list for PBXNativeTarget "calculatorplusUITests" */ = {
			isa = XCConfigurationList;
			buildConfigurations = (
				200735FB2B90C04800C6FC71 /* Debug */,
				200735FC2B90C04800C6FC71 /* Release */,
			);
			defaultConfigurationIsVisible = 0;
			defaultConfigurationName = Release;
		};
/* End XCConfigurationList section */

/* Begin XCRemoteSwiftPackageReference section */
		9A569E8C2BA2F30F00353EA2 /* XCRemoteSwiftPackageReference "firebase-ios-sdk" */ = {
			isa = XCRemoteSwiftPackageReference;
			repositoryURL = "https://github.com/firebase/firebase-ios-sdk";
			requirement = {
				kind = upToNextMajorVersion;
				minimumVersion = 10.22.1;
			};
		};
/* End XCRemoteSwiftPackageReference section */

/* Begin XCSwiftPackageProductDependency section */
		9A569E8D2BA2F30F00353EA2 /* FirebaseAnalytics */ = {
			isa = XCSwiftPackageProductDependency;
			package = 9A569E8C2BA2F30F00353EA2 /* XCRemoteSwiftPackageReference "firebase-ios-sdk" */;
			productName = FirebaseAnalytics;
		};
		9A569E8F2BA2F30F00353EA2 /* FirebaseAppCheck */ = {
			isa = XCSwiftPackageProductDependency;
			package = 9A569E8C2BA2F30F00353EA2 /* XCRemoteSwiftPackageReference "firebase-ios-sdk" */;
			productName = FirebaseAppCheck;
		};
		9A569E912BA2F30F00353EA2 /* FirebaseAuth */ = {
			isa = XCSwiftPackageProductDependency;
			package = 9A569E8C2BA2F30F00353EA2 /* XCRemoteSwiftPackageReference "firebase-ios-sdk" */;
			productName = FirebaseAuth;
		};
		9A569E932BA2F30F00353EA2 /* FirebaseDatabase */ = {
			isa = XCSwiftPackageProductDependency;
			package = 9A569E8C2BA2F30F00353EA2 /* XCRemoteSwiftPackageReference "firebase-ios-sdk" */;
			productName = FirebaseDatabase;
		};
		9A569E952BA2F30F00353EA2 /* FirebaseFirestore */ = {
			isa = XCSwiftPackageProductDependency;
			package = 9A569E8C2BA2F30F00353EA2 /* XCRemoteSwiftPackageReference "firebase-ios-sdk" */;
			productName = FirebaseFirestore;
		};
		9A569E972BA2F30F00353EA2 /* FirebaseStorage */ = {
			isa = XCSwiftPackageProductDependency;
			package = 9A569E8C2BA2F30F00353EA2 /* XCRemoteSwiftPackageReference "firebase-ios-sdk" */;
			productName = FirebaseStorage;
		};
/* End XCSwiftPackageProductDependency section */
	};
	rootObject = 200735C22B90C04700C6FC71 /* Project object */;
}
