// !$*UTF8*$!
{
	archiveVersion = 1;
	classes = {
	};
	objectVersion = 55;
	objects = {

/* Begin PBXBuildFile section */
		200735CE2B90C04700C6FC71 /* AppDelegate.swift in Sources */ = {isa = PBXBuildFile; fileRef = 200735CD2B90C04700C6FC71 /* AppDelegate.swift */; };
		200735D02B90C04700C6FC71 /* SceneDelegate.swift in Sources */ = {isa = PBXBuildFile; fileRef = 200735CF2B90C04700C6FC71 /* SceneDelegate.swift */; };
		200735D22B90C04700C6FC71 /* ViewController.swift in Sources */ = {isa = PBXBuildFile; fileRef = 200735D12B90C04700C6FC71 /* ViewController.swift */; };
		200735D52B90C04700C6FC71 /* Main.storyboard in Resources */ = {isa = PBXBuildFile; fileRef = 200735D32B90C04700C6FC71 /* Main.storyboard */; };
		200735D72B90C04800C6FC71 /* Assets.xcassets in Resources */ = {isa = PBXBuildFile; fileRef = 200735D62B90C04800C6FC71 /* Assets.xcassets */; };
		200735DA2B90C04800C6FC71 /* LaunchScreen.storyboard in Resources */ = {isa = PBXBuildFile; fileRef = 200735D82B90C04800C6FC71 /* LaunchScreen.storyboard */; };
		200735E52B90C04800C6FC71 /* calculatorplusTests.swift in Sources */ = {isa = PBXBuildFile; fileRef = 200735E42B90C04800C6FC71 /* calculatorplusTests.swift */; };
		200735EF2B90C04800C6FC71 /* calculatorplusUITests.swift in Sources */ = {isa = PBXBuildFile; fileRef = 200735EE2B90C04800C6FC71 /* calculatorplusUITests.swift */; };
		200735F12B90C04800C6FC71 /* calculatorplusUITestsLaunchTests.swift in Sources */ = {isa = PBXBuildFile; fileRef = 200735F02B90C04800C6FC71 /* calculatorplusUITestsLaunchTests.swift */; };
/* End PBXBuildFile section */

/* Begin PBXContainerItemProxy section */
		200735E12B90C04800C6FC71 /* PBXContainerItemProxy */ = {
			isa = PBXContainerItemProxy;
			containerPortal = 200735C22B90C04700C6FC71 /* Project object */;
			proxyType = 1;
			remoteGlobalIDString = 200735C92B90C04700C6FC71;
			remoteInfo = calculatorplus;
		};
		200735EB2B90C04800C6FC71 /* PBXContainerItemProxy */ = {
			isa = PBXContainerItemProxy;
			containerPortal = 200735C22B90C04700C6FC71 /* Project object */;
			proxyType = 1;
			remoteGlobalIDString = 200735C92B90C04700C6FC71;
			remoteInfo = calculatorplus;
		};
/* End PBXContainerItemProxy section */

/* Begin PBXFileReference section */
		200735CA2B90C04700C6FC71 /* calculatorplus.app */ = {isa = PBXFileReference; explicitFileType = wrapper.application; includeInIndex = 0; path = calculatorplus.app; sourceTree = BUILT_PRODUCTS_DIR; };
		200735CD2B90C04700C6FC71 /* AppDelegate.swift */ = {isa = PBXFileReference; lastKnownFileType = sourcecode.swift; path = AppDelegate.swift; sourceTree = "<group>"; };
		200735CF2B90C04700C6FC71 /* SceneDelegate.swift */ = {isa = PBXFileReference; lastKnownFileType = sourcecode.swift; path = SceneDelegate.swift; sourceTree = "<group>"; };
		200735D12B90C04700C6FC71 /* ViewController.swift */ = {isa = PBXFileReference; lastKnownFileType = sourcecode.swift; path = ViewController.swift; sourceTree = "<group>"; };
		200735D42B90C04700C6FC71 /* Base */ = {isa = PBXFileReference; lastKnownFileType = file.storyboard; name = Base; path = Base.lproj/Main.storyboard; sourceTree = "<group>"; };
		200735D62B90C04800C6FC71 /* Assets.xcassets */ = {isa = PBXFileReference; lastKnownFileType = folder.assetcatalog; path = Assets.xcassets; sourceTree = "<group>"; };
		200735D92B90C04800C6FC71 /* Base */ = {isa = PBXFileReference; lastKnownFileType = file.storyboard; name = Base; path = Base.lproj/LaunchScreen.storyboard; sourceTree = "<group>"; };
		200735DB2B90C04800C6FC71 /* Info.plist */ = {isa = PBXFileReference; lastKnownFileType = text.plist.xml; path = Info.plist; sourceTree = "<group>"; };
		200735E02B90C04800C6FC71 /* calculatorplusTests.xctest */ = {isa = PBXFileReference; explicitFileType = wrapper.cfbundle; includeInIndex = 0; path = calculatorplusTests.xctest; sourceTree = BUILT_PRODUCTS_DIR; };
		200735E42B90C04800C6FC71 /* calculatorplusTests.swift */ = {isa = PBXFileReference; lastKnownFileType = sourcecode.swift; path = calculatorplusTests.swift; sourceTree = "<group>"; };
		200735EA2B90C04800C6FC71 /* calculatorplusUITests.xctest */ = {isa = PBXFileReference; explicitFileType = wrapper.cfbundle; includeInIndex = 0; path = calculatorplusUITests.xctest; sourceTree = BUILT_PRODUCTS_DIR; };
		200735EE2B90C04800C6FC71 /* calculatorplusUITests.swift */ = {isa = PBXFileReference; lastKnownFileType = sourcecode.swift; path = calculatorplusUITests.swift; sourceTree = "<group>"; };
		200735F02B90C04800C6FC71 /* calculatorplusUITestsLaunchTests.swift */ = {isa = PBXFileReference; lastKnownFileType = sourcecode.swift; path = calculatorplusUITestsLaunchTests.swift; sourceTree = "<group>"; };
/* End PBXFileReference section */

/* Begin PBXFrameworksBuildPhase section */
		200735C72B90C04700C6FC71 /* Frameworks */ = {
			isa = PBXFrameworksBuildPhase;
			buildActionMask = 2147483647;
			files = (
			);
			runOnlyForDeploymentPostprocessing = 0;
		};
		200735DD2B90C04800C6FC71 /* Frameworks */ = {
			isa = PBXFrameworksBuildPhase;
			buildActionMask = 2147483647;
			files = (
			);
			runOnlyForDeploymentPostprocessing = 0;
		};
		200735E72B90C04800C6FC71 /* Frameworks */ = {
			isa = PBXFrameworksBuildPhase;
			buildActionMask = 2147483647;
			files = (
			);
			runOnlyForDeploymentPostprocessing = 0;
		};
/* End PBXFrameworksBuildPhase section */

/* Begin PBXGroup section */
		200735C12B90C04700C6FC71 = {
			isa = PBXGroup;
			children = (
				200735CC2B90C04700C6FC71 /* calculatorplus */,
				200735E32B90C04800C6FC71 /* calculatorplusTests */,
				200735ED2B90C04800C6FC71 /* calculatorplusUITests */,
				200735CB2B90C04700C6FC71 /* Products */,
			);
			sourceTree = "<group>";
		};
		200735CB2B90C04700C6FC71 /* Products */ = {
			isa = PBXGroup;
			children = (
				200735CA2B90C04700C6FC71 /* calculatorplus.app */,
				200735E02B90C04800C6FC71 /* calculatorplusTests.xctest */,
				200735EA2B90C04800C6FC71 /* calculatorplusUITests.xctest */,
			);
			name = Products;
			sourceTree = "<group>";
		};
		200735CC2B90C04700C6FC71 /* calculatorplus */ = {
			isa = PBXGroup;
			children = (
				200735CD2B90C04700C6FC71 /* AppDelegate.swift */,
				200735CF2B90C04700C6FC71 /* SceneDelegate.swift */,
				200735D12B90C04700C6FC71 /* ViewController.swift */,
				200735D32B90C04700C6FC71 /* Main.storyboard */,
				200735D62B90C04800C6FC71 /* Assets.xcassets */,
				200735D82B90C04800C6FC71 /* LaunchScreen.storyboard */,
				200735DB2B90C04800C6FC71 /* Info.plist */,
			);
			path = calculatorplus;
			sourceTree = "<group>";
		};
		200735E32B90C04800C6FC71 /* calculatorplusTests */ = {
			isa = PBXGroup;
			children = (
				200735E42B90C04800C6FC71 /* calculatorplusTests.swift */,
			);
			path = calculatorplusTests;
			sourceTree = "<group>";
		};
		200735ED2B90C04800C6FC71 /* calculatorplusUITests */ = {
			isa = PBXGroup;
			children = (
				200735EE2B90C04800C6FC71 /* calculatorplusUITests.swift */,
				200735F02B90C04800C6FC71 /* calculatorplusUITestsLaunchTests.swift */,
			);
			path = calculatorplusUITests;
			sourceTree = "<group>";
		};
/* End PBXGroup section */

/* Begin PBXNativeTarget section */
		200735C92B90C04700C6FC71 /* calculatorplus */ = {
			isa = PBXNativeTarget;
			buildConfigurationList = 200735F42B90C04800C6FC71 /* Build configuration list for PBXNativeTarget "calculatorplus" */;
			buildPhases = (
				200735C62B90C04700C6FC71 /* Sources */,
				200735C72B90C04700C6FC71 /* Frameworks */,
				200735C82B90C04700C6FC71 /* Resources */,
			);
			buildRules = (
			);
			dependencies = (
			);
			name = calculatorplus;
			productName = calculatorplus;
			productReference = 200735CA2B90C04700C6FC71 /* calculatorplus.app */;
			productType = "com.apple.product-type.application";
		};
		200735DF2B90C04800C6FC71 /* calculatorplusTests */ = {
			isa = PBXNativeTarget;
			buildConfigurationList = 200735F72B90C04800C6FC71 /* Build configuration list for PBXNativeTarget "calculatorplusTests" */;
			buildPhases = (
				200735DC2B90C04800C6FC71 /* Sources */,
				200735DD2B90C04800C6FC71 /* Frameworks */,
				200735DE2B90C04800C6FC71 /* Resources */,
			);
			buildRules = (
			);
			dependencies = (
				200735E22B90C04800C6FC71 /* PBXTargetDependency */,
			);
			name = calculatorplusTests;
			productName = calculatorplusTests;
			productReference = 200735E02B90C04800C6FC71 /* calculatorplusTests.xctest */;
			productType = "com.apple.product-type.bundle.unit-test";
		};
		200735E92B90C04800C6FC71 /* calculatorplusUITests */ = {
			isa = PBXNativeTarget;
			buildConfigurationList = 200735FA2B90C04800C6FC71 /* Build configuration list for PBXNativeTarget "calculatorplusUITests" */;
			buildPhases = (
				200735E62B90C04800C6FC71 /* Sources */,
				200735E72B90C04800C6FC71 /* Frameworks */,
				200735E82B90C04800C6FC71 /* Resources */,
			);
			buildRules = (
			);
			dependencies = (
				200735EC2B90C04800C6FC71 /* PBXTargetDependency */,
			);
			name = calculatorplusUITests;
			productName = calculatorplusUITests;
			productReference = 200735EA2B90C04800C6FC71 /* calculatorplusUITests.xctest */;
			productType = "com.apple.product-type.bundle.ui-testing";
		};
/* End PBXNativeTarget section */

/* Begin PBXProject section */
		200735C22B90C04700C6FC71 /* Project object */ = {
			isa = PBXProject;
			attributes = {
				BuildIndependentTargetsInParallel = 1;
				LastSwiftUpdateCheck = 1340;
				LastUpgradeCheck = 1340;
				TargetAttributes = {
					200735C92B90C04700C6FC71 = {
						CreatedOnToolsVersion = 13.4.1;
					};
					200735DF2B90C04800C6FC71 = {
						CreatedOnToolsVersion = 13.4.1;
						TestTargetID = 200735C92B90C04700C6FC71;
					};
					200735E92B90C04800C6FC71 = {
						CreatedOnToolsVersion = 13.4.1;
						TestTargetID = 200735C92B90C04700C6FC71;
					};
				};
			};
			buildConfigurationList = 200735C52B90C04700C6FC71 /* Build configuration list for PBXProject "calculatorplus" */;
			compatibilityVersion = "Xcode 13.0";
			developmentRegion = en;
			hasScannedForEncodings = 0;
			knownRegions = (
				en,
				Base,
			);
			mainGroup = 200735C12B90C04700C6FC71;
			productRefGroup = 200735CB2B90C04700C6FC71 /* Products */;
			projectDirPath = "";
			projectRoot = "";
			targets = (
				200735C92B90C04700C6FC71 /* calculatorplus */,
				200735DF2B90C04800C6FC71 /* calculatorplusTests */,
				200735E92B90C04800C6FC71 /* calculatorplusUITests */,
			);
		};
/* End PBXProject section */

/* Begin PBXResourcesBuildPhase section */
		200735C82B90C04700C6FC71 /* Resources */ = {
			isa = PBXResourcesBuildPhase;
			buildActionMask = 2147483647;
			files = (
				200735DA2B90C04800C6FC71 /* LaunchScreen.storyboard in Resources */,
				200735D72B90C04800C6FC71 /* Assets.xcassets in Resources */,
				200735D52B90C04700C6FC71 /* Main.storyboard in Resources */,
			);
			runOnlyForDeploymentPostprocessing = 0;
		};
		200735DE2B90C04800C6FC71 /* Resources */ = {
			isa = PBXResourcesBuildPhase;
			buildActionMask = 2147483647;
			files = (
			);
			runOnlyForDeploymentPostprocessing = 0;
		};
		200735E82B90C04800C6FC71 /* Resources */ = {
			isa = PBXResourcesBuildPhase;
			buildActionMask = 2147483647;
			files = (
			);
			runOnlyForDeploymentPostprocessing = 0;
		};
/* End PBXResourcesBuildPhase section */

/* Begin PBXSourcesBuildPhase section */
		200735C62B90C04700C6FC71 /* Sources */ = {
			isa = PBXSourcesBuildPhase;
			buildActionMask = 2147483647;
			files = (
				200735D22B90C04700C6FC71 /* ViewController.swift in Sources */,
				200735CE2B90C04700C6FC71 /* AppDelegate.swift in Sources */,
				200735D02B90C04700C6FC71 /* SceneDelegate.swift in Sources */,
			);
			runOnlyForDeploymentPostprocessing = 0;
		};
		200735DC2B90C04800C6FC71 /* Sources */ = {
			isa = PBXSourcesBuildPhase;
			buildActionMask = 2147483647;
			files = (
				200735E52B90C04800C6FC71 /* calculatorplusTests.swift in Sources */,
			);
			runOnlyForDeploymentPostprocessing = 0;
		};
		200735E62B90C04800C6FC71 /* Sources */ = {
			isa = PBXSourcesBuildPhase;
			buildActionMask = 2147483647;
			files = (
				200735F12B90C04800C6FC71 /* calculatorplusUITestsLaunchTests.swift in Sources */,
				200735EF2B90C04800C6FC71 /* calculatorplusUITests.swift in Sources */,
			);
			runOnlyForDeploymentPostprocessing = 0;
		};
/* End PBXSourcesBuildPhase section */

/* Begin PBXTargetDependency section */
		200735E22B90C04800C6FC71 /* PBXTargetDependency */ = {
			isa = PBXTargetDependency;
			target = 200735C92B90C04700C6FC71 /* calculatorplus */;
			targetProxy = 200735E12B90C04800C6FC71 /* PBXContainerItemProxy */;
		};
		200735EC2B90C04800C6FC71 /* PBXTargetDependency */ = {
			isa = PBXTargetDependency;
			target = 200735C92B90C04700C6FC71 /* calculatorplus */;
			targetProxy = 200735EB2B90C04800C6FC71 /* PBXContainerItemProxy */;
		};
/* End PBXTargetDependency section */

/* Begin PBXVariantGroup section */
		200735D32B90C04700C6FC71 /* Main.storyboard */ = {
			isa = PBXVariantGroup;
			children = (
				200735D42B90C04700C6FC71 /* Base */,
			);
			name = Main.storyboard;
			sourceTree = "<group>";
		};
		200735D82B90C04800C6FC71 /* LaunchScreen.storyboard */ = {
			isa = PBXVariantGroup;
			children = (
				200735D92B90C04800C6FC71 /* Base */,
			);
			name = LaunchScreen.storyboard;
			sourceTree = "<group>";
		};
/* End PBXVariantGroup section */

/* Begin XCBuildConfiguration section */
		200735F22B90C04800C6FC71 /* Debug */ = {
			isa = XCBuildConfiguration;
			buildSettings = {
				ALWAYS_SEARCH_USER_PATHS = NO;
				CLANG_ANALYZER_NONNULL = YES;
				CLANG_ANALYZER_NUMBER_OBJECT_CONVERSION = YES_AGGRESSIVE;
				CLANG_CXX_LANGUAGE_STANDARD = "gnu++17";
				CLANG_ENABLE_MODULES = YES;
				CLANG_ENABLE_OBJC_ARC = YES;
				CLANG_ENABLE_OBJC_WEAK = YES;
				CLANG_WARN_BLOCK_CAPTURE_AUTORELEASING = YES;
				CLANG_WARN_BOOL_CONVERSION = YES;
				CLANG_WARN_COMMA = YES;
				CLANG_WARN_CONSTANT_CONVERSION = YES;
				CLANG_WARN_DEPRECATED_OBJC_IMPLEMENTATIONS = YES;
				CLANG_WARN_DIRECT_OBJC_ISA_USAGE = YES_ERROR;
				CLANG_WARN_DOCUMENTATION_COMMENTS = YES;
				CLANG_WARN_EMPTY_BODY = YES;
				CLANG_WARN_ENUM_CONVERSION = YES;
				CLANG_WARN_INFINITE_RECURSION = YES;
				CLANG_WARN_INT_CONVERSION = YES;
				CLANG_WARN_NON_LITERAL_NULL_CONVERSION = YES;
				CLANG_WARN_OBJC_IMPLICIT_RETAIN_SELF = YES;
				CLANG_WARN_OBJC_LITERAL_CONVERSION = YES;
				CLANG_WARN_OBJC_ROOT_CLASS = YES_ERROR;
				CLANG_WARN_QUOTED_INCLUDE_IN_FRAMEWORK_HEADER = YES;
				CLANG_WARN_RANGE_LOOP_ANALYSIS = YES;
				CLANG_WARN_STRICT_PROTOTYPES = YES;
				CLANG_WARN_SUSPICIOUS_MOVE = YES;
				CLANG_WARN_UNGUARDED_AVAILABILITY = YES_AGGRESSIVE;
				CLANG_WARN_UNREACHABLE_CODE = YES;
				CLANG_WARN__DUPLICATE_METHOD_MATCH = YES;
				COPY_PHASE_STRIP = NO;
				DEBUG_INFORMATION_FORMAT = dwarf;
				ENABLE_STRICT_OBJC_MSGSEND = YES;
				ENABLE_TESTABILITY = YES;
				GCC_C_LANGUAGE_STANDARD = gnu11;
				GCC_DYNAMIC_NO_PIC = NO;
				GCC_NO_COMMON_BLOCKS = YES;
				GCC_OPTIMIZATION_LEVEL = 0;
				GCC_PREPROCESSOR_DEFINITIONS = (
					"DEBUG=1",
					"$(inherited)",
				);
				GCC_WARN_64_TO_32_BIT_CONVERSION = YES;
				GCC_WARN_ABOUT_RETURN_TYPE = YES_ERROR;
				GCC_WARN_UNDECLARED_SELECTOR = YES;
				GCC_WARN_UNINITIALIZED_AUTOS = YES_AGGRESSIVE;
				GCC_WARN_UNUSED_FUNCTION = YES;
				GCC_WARN_UNUSED_VARIABLE = YES;
				IPHONEOS_DEPLOYMENT_TARGET = 15.5;
				MTL_ENABLE_DEBUG_INFO = INCLUDE_SOURCE;
				MTL_FAST_MATH = YES;
				ONLY_ACTIVE_ARCH = YES;
				SDKROOT = iphoneos;
				SWIFT_ACTIVE_COMPILATION_CONDITIONS = DEBUG;
				SWIFT_OPTIMIZATION_LEVEL = "-Onone";
			};
			name = Debug;
		};
		200735F32B90C04800C6FC71 /* Release */ = {
			isa = XCBuildConfiguration;
			buildSettings = {
				ALWAYS_SEARCH_USER_PATHS = NO;
				CLANG_ANALYZER_NONNULL = YES;
				CLANG_ANALYZER_NUMBER_OBJECT_CONVERSION = YES_AGGRESSIVE;
				CLANG_CXX_LANGUAGE_STANDARD = "gnu++17";
				CLANG_ENABLE_MODULES = YES;
				CLANG_ENABLE_OBJC_ARC = YES;
				CLANG_ENABLE_OBJC_WEAK = YES;
				CLANG_WARN_BLOCK_CAPTURE_AUTORELEASING = YES;
				CLANG_WARN_BOOL_CONVERSION = YES;
				CLANG_WARN_COMMA = YES;
				CLANG_WARN_CONSTANT_CONVERSION = YES;
				CLANG_WARN_DEPRECATED_OBJC_IMPLEMENTATIONS = YES;
				CLANG_WARN_DIRECT_OBJC_ISA_USAGE = YES_ERROR;
				CLANG_WARN_DOCUMENTATION_COMMENTS = YES;
				CLANG_WARN_EMPTY_BODY = YES;
				CLANG_WARN_ENUM_CONVERSION = YES;
				CLANG_WARN_INFINITE_RECURSION = YES;
				CLANG_WARN_INT_CONVERSION = YES;
				CLANG_WARN_NON_LITERAL_NULL_CONVERSION = YES;
				CLANG_WARN_OBJC_IMPLICIT_RETAIN_SELF = YES;
				CLANG_WARN_OBJC_LITERAL_CONVERSION = YES;
				CLANG_WARN_OBJC_ROOT_CLASS = YES_ERROR;
				CLANG_WARN_QUOTED_INCLUDE_IN_FRAMEWORK_HEADER = YES;
				CLANG_WARN_RANGE_LOOP_ANALYSIS = YES;
				CLANG_WARN_STRICT_PROTOTYPES = YES;
				CLANG_WARN_SUSPICIOUS_MOVE = YES;
				CLANG_WARN_UNGUARDED_AVAILABILITY = YES_AGGRESSIVE;
				CLANG_WARN_UNREACHABLE_CODE = YES;
				CLANG_WARN__DUPLICATE_METHOD_MATCH = YES;
				COPY_PHASE_STRIP = NO;
				DEBUG_INFORMATION_FORMAT = "dwarf-with-dsym";
				ENABLE_NS_ASSERTIONS = NO;
				ENABLE_STRICT_OBJC_MSGSEND = YES;
				GCC_C_LANGUAGE_STANDARD = gnu11;
				GCC_NO_COMMON_BLOCKS = YES;
				GCC_WARN_64_TO_32_BIT_CONVERSION = YES;
				GCC_WARN_ABOUT_RETURN_TYPE = YES_ERROR;
				GCC_WARN_UNDECLARED_SELECTOR = YES;
				GCC_WARN_UNINITIALIZED_AUTOS = YES_AGGRESSIVE;
				GCC_WARN_UNUSED_FUNCTION = YES;
				GCC_WARN_UNUSED_VARIABLE = YES;
				IPHONEOS_DEPLOYMENT_TARGET = 15.5;
				MTL_ENABLE_DEBUG_INFO = NO;
				MTL_FAST_MATH = YES;
				SDKROOT = iphoneos;
				SWIFT_COMPILATION_MODE = wholemodule;
				SWIFT_OPTIMIZATION_LEVEL = "-O";
				VALIDATE_PRODUCT = YES;
			};
			name = Release;
		};
		200735F52B90C04800C6FC71 /* Debug */ = {
			isa = XCBuildConfiguration;
			buildSettings = {
				ASSETCATALOG_COMPILER_APPICON_NAME = AppIcon;
				ASSETCATALOG_COMPILER_GLOBAL_ACCENT_COLOR_NAME = AccentColor;
				CODE_SIGN_STYLE = Automatic;
				CURRENT_PROJECT_VERSION = 1;
				DEVELOPMENT_TEAM = WQQ5F6Y2M2;
				GENERATE_INFOPLIST_FILE = YES;
				INFOPLIST_FILE = calculatorplus/Info.plist;
				INFOPLIST_KEY_CFBundleDisplayName = "Calculator Plus";
				INFOPLIST_KEY_UIApplicationSupportsIndirectInputEvents = YES;
				INFOPLIST_KEY_UILaunchStoryboardName = LaunchScreen;
				INFOPLIST_KEY_UIMainStoryboardFile = Main;
				INFOPLIST_KEY_UISupportedInterfaceOrientations_iPad = "UIInterfaceOrientationPortrait UIInterfaceOrientationPortraitUpsideDown UIInterfaceOrientationLandscapeLeft UIInterfaceOrientationLandscapeRight";
				INFOPLIST_KEY_UISupportedInterfaceOrientations_iPhone = "UIInterfaceOrientationPortrait UIInterfaceOrientationLandscapeLeft UIInterfaceOrientationLandscapeRight";
				LD_RUNPATH_SEARCH_PATHS = (
					"$(inherited)",
					"@executable_path/Frameworks",
				);
				MARKETING_VERSION = 1.0;
				PRODUCT_BUNDLE_IDENTIFIER = com.htnguyen.calculatorplus;
				PRODUCT_NAME = "$(TARGET_NAME)";
				SWIFT_EMIT_LOC_STRINGS = YES;
				SWIFT_VERSION = 5.0;
				TARGETED_DEVICE_FAMILY = "1,2";
			};
			name = Debug;
		};
		200735F62B90C04800C6FC71 /* Release */ = {
			isa = XCBuildConfiguration;
			buildSettings = {
				ASSETCATALOG_COMPILER_APPICON_NAME = AppIcon;
				ASSETCATALOG_COMPILER_GLOBAL_ACCENT_COLOR_NAME = AccentColor;
				CODE_SIGN_STYLE = Automatic;
				CURRENT_PROJECT_VERSION = 1;
				DEVELOPMENT_TEAM = WQQ5F6Y2M2;
				GENERATE_INFOPLIST_FILE = YES;
				INFOPLIST_FILE = calculatorplus/Info.plist;
				INFOPLIST_KEY_CFBundleDisplayName = "Calculator Plus";
				INFOPLIST_KEY_UIApplicationSupportsIndirectInputEvents = YES;
				INFOPLIST_KEY_UILaunchStoryboardName = LaunchScreen;
				INFOPLIST_KEY_UIMainStoryboardFile = Main;
				INFOPLIST_KEY_UISupportedInterfaceOrientations_iPad = "UIInterfaceOrientationPortrait UIInterfaceOrientationPortraitUpsideDown UIInterfaceOrientationLandscapeLeft UIInterfaceOrientationLandscapeRight";
				INFOPLIST_KEY_UISupportedInterfaceOrientations_iPhone = "UIInterfaceOrientationPortrait UIInterfaceOrientationLandscapeLeft UIInterfaceOrientationLandscapeRight";
				LD_RUNPATH_SEARCH_PATHS = (
					"$(inherited)",
					"@executable_path/Frameworks",
				);
				MARKETING_VERSION = 1.0;
				PRODUCT_BUNDLE_IDENTIFIER = com.htnguyen.calculatorplus;
				PRODUCT_NAME = "$(TARGET_NAME)";
				SWIFT_EMIT_LOC_STRINGS = YES;
				SWIFT_VERSION = 5.0;
				TARGETED_DEVICE_FAMILY = "1,2";
			};
			name = Release;
		};
		200735F82B90C04800C6FC71 /* Debug */ = {
			isa = XCBuildConfiguration;
			buildSettings = {
				ALWAYS_EMBED_SWIFT_STANDARD_LIBRARIES = YES;
				BUNDLE_LOADER = "$(TEST_HOST)";
				CODE_SIGN_STYLE = Automatic;
				CURRENT_PROJECT_VERSION = 1;
				DEVELOPMENT_TEAM = WQQ5F6Y2M2;
				GENERATE_INFOPLIST_FILE = YES;
				IPHONEOS_DEPLOYMENT_TARGET = 15.5;
				MARKETING_VERSION = 1.0;
				PRODUCT_BUNDLE_IDENTIFIER = com.htnguyen.calculatorplusTests;
				PRODUCT_NAME = "$(TARGET_NAME)";
				SWIFT_EMIT_LOC_STRINGS = NO;
				SWIFT_VERSION = 5.0;
				TARGETED_DEVICE_FAMILY = "1,2";
				TEST_HOST = "$(BUILT_PRODUCTS_DIR)/calculatorplus.app/calculatorplus";
			};
			name = Debug;
		};
		200735F92B90C04800C6FC71 /* Release */ = {
			isa = XCBuildConfiguration;
			buildSettings = {
				ALWAYS_EMBED_SWIFT_STANDARD_LIBRARIES = YES;
				BUNDLE_LOADER = "$(TEST_HOST)";
				CODE_SIGN_STYLE = Automatic;
				CURRENT_PROJECT_VERSION = 1;
				DEVELOPMENT_TEAM = WQQ5F6Y2M2;
				GENERATE_INFOPLIST_FILE = YES;
				IPHONEOS_DEPLOYMENT_TARGET = 15.5;
				MARKETING_VERSION = 1.0;
				PRODUCT_BUNDLE_IDENTIFIER = com.htnguyen.calculatorplusTests;
				PRODUCT_NAME = "$(TARGET_NAME)";
				SWIFT_EMIT_LOC_STRINGS = NO;
				SWIFT_VERSION = 5.0;
				TARGETED_DEVICE_FAMILY = "1,2";
				TEST_HOST = "$(BUILT_PRODUCTS_DIR)/calculatorplus.app/calculatorplus";
			};
			name = Release;
		};
		200735FB2B90C04800C6FC71 /* Debug */ = {
			isa = XCBuildConfiguration;
			buildSettings = {
				ALWAYS_EMBED_SWIFT_STANDARD_LIBRARIES = YES;
				CODE_SIGN_STYLE = Automatic;
				CURRENT_PROJECT_VERSION = 1;
				DEVELOPMENT_TEAM = WQQ5F6Y2M2;
				GENERATE_INFOPLIST_FILE = YES;
				MARKETING_VERSION = 1.0;
				PRODUCT_BUNDLE_IDENTIFIER = com.htnguyen.calculatorplusUITests;
				PRODUCT_NAME = "$(TARGET_NAME)";
				SWIFT_EMIT_LOC_STRINGS = NO;
				SWIFT_VERSION = 5.0;
				TARGETED_DEVICE_FAMILY = "1,2";
				TEST_TARGET_NAME = calculatorplus;
			};
			name = Debug;
		};
		200735FC2B90C04800C6FC71 /* Release */ = {
			isa = XCBuildConfiguration;
			buildSettings = {
				ALWAYS_EMBED_SWIFT_STANDARD_LIBRARIES = YES;
				CODE_SIGN_STYLE = Automatic;
				CURRENT_PROJECT_VERSION = 1;
				DEVELOPMENT_TEAM = WQQ5F6Y2M2;
				GENERATE_INFOPLIST_FILE = YES;
				MARKETING_VERSION = 1.0;
				PRODUCT_BUNDLE_IDENTIFIER = com.htnguyen.calculatorplusUITests;
				PRODUCT_NAME = "$(TARGET_NAME)";
				SWIFT_EMIT_LOC_STRINGS = NO;
				SWIFT_VERSION = 5.0;
				TARGETED_DEVICE_FAMILY = "1,2";
				TEST_TARGET_NAME = calculatorplus;
			};
			name = Release;
		};
/* End XCBuildConfiguration section */

/* Begin XCConfigurationList section */
		200735C52B90C04700C6FC71 /* Build configuration list for PBXProject "calculatorplus" */ = {
			isa = XCConfigurationList;
			buildConfigurations = (
				200735F22B90C04800C6FC71 /* Debug */,
				200735F32B90C04800C6FC71 /* Release */,
			);
			defaultConfigurationIsVisible = 0;
			defaultConfigurationName = Release;
		};
		200735F42B90C04800C6FC71 /* Build configuration list for PBXNativeTarget "calculatorplus" */ = {
			isa = XCConfigurationList;
			buildConfigurations = (
				200735F52B90C04800C6FC71 /* Debug */,
				200735F62B90C04800C6FC71 /* Release */,
			);
			defaultConfigurationIsVisible = 0;
			defaultConfigurationName = Release;
		};
		200735F72B90C04800C6FC71 /* Build configuration list for PBXNativeTarget "calculatorplusTests" */ = {
			isa = XCConfigurationList;
			buildConfigurations = (
				200735F82B90C04800C6FC71 /* Debug */,
				200735F92B90C04800C6FC71 /* Release */,
			);
			defaultConfigurationIsVisible = 0;
			defaultConfigurationName = Release;
		};
		200735FA2B90C04800C6FC71 /* Build configuration list for PBXNativeTarget "calculatorplusUITests" */ = {
			isa = XCConfigurationList;
			buildConfigurations = (
				200735FB2B90C04800C6FC71 /* Debug */,
				200735FC2B90C04800C6FC71 /* Release */,
			);
			defaultConfigurationIsVisible = 0;
			defaultConfigurationName = Release;
		};
/* End XCConfigurationList section */
	};
	rootObject = 200735C22B90C04700C6FC71 /* Project object */;
}
